
Microsoft Visual Studio Solution File, Format Version 12.00
# Visual Studio 15
VisualStudioVersion = 15.0.27004.2005
MinimumVisualStudioVersion = 10.0.40219.1
Project("{FAE04EC0-301F-11D3-BF4B-00C04F79EFBC}") = "OE4BN9ExcelAddIn", "OE4BN9ExcelAddIn\OE4BN9ExcelAddIn.csproj", "{96911E8C-F7B1-4363-B9FD-B03EE97E8557}"
EndProject
Global
	GlobalSection(SolutionConfigurationPlatforms) = preSolution
		Debug|Any CPU = Debug|Any CPU
		Release|Any CPU = Release|Any CPU
	EndGlobalSection
	GlobalSection(ProjectConfigurationPlatforms) = postSolution
		{96911E8C-F7B1-4363-B9FD-B03EE97E8557}.Debug|Any CPU.ActiveCfg = Debug|Any CPU
		{96911E8C-F7B1-4363-B9FD-B03EE97E8557}.Debug|Any CPU.Build.0 = Debug|Any CPU
		{96911E8C-F7B1-4363-B9FD-B03EE97E8557}.Release|Any CPU.ActiveCfg = Release|Any CPU
		{96911E8C-F7B1-4363-B9FD-B03EE97E8557}.Release|Any CPU.Build.0 = Release|Any CPU
	EndGlobalSection
	GlobalSection(SolutionProperties) = preSolution
		HideSolutionNode = FALSE
	EndGlobalSection
	GlobalSection(ExtensibilityGlobals) = postSolution
		SolutionGuid = {1D994545-7712-4F43-8FA9-65B82A5B8C29}
	EndGlobalSection
EndGlobal
